# THIS IS AN AUTOGENERATED FILE. DO NOT EDIT THIS FILE DIRECTLY.
# yarn lockfile v1


"@floating-ui/core@^1.7.5":
  version "1.7.5"
  resolved "https://registry.npmjs.org/@floating-ui/core/-/core-1.7.5.tgz"
  integrity sha512-1Ih4WTWyw0+lKyFMcBHGbb5U5FtuHJuujoyyr5zTaWS5EYMeT6Jb2AuDeftsCsEuchO+mM2ij5+q9crhydzLhQ==
  dependencies:
    "@floating-ui/utils" "^0.2.11"

"@floating-ui/dom@^1.7.6":
  version "1.7.6"
  resolved "https://registry.npmjs.org/@floating-ui/dom/-/dom-1.7.6.tgz"
  integrity sha512-9gZSAI5XM36880PPMm//9dfiEngYoC6Am2izES1FF406YFsjvyBMmeJ2g4SAju3xWwtuynNRFL2s9hgxpLI5SQ==
  dependencies:
    "@floating-ui/core" "^1.7.5"
    "@floating-ui/utils" "^0.2.11"

"@floating-ui/react@^0.26.16":
  version "0.26.28"
  resolved "https://registry.npmjs.org/@floating-ui/react/-/react-0.26.28.tgz"
  integrity sha512-yORQuuAtVpiRjpMhdc0wJj06b9JFjrYF4qp96j++v2NBpbi6SEGF7donUJ3TMieerQ6qVkAv1tgr7L4r5roTqw==
  dependencies:
    "@floating-ui/react-dom" "^2.1.2"
    "@floating-ui/utils" "^0.2.8"
    tabbable "^6.0.0"

"@floating-ui/react-dom@^2.0.0", "@floating-ui/react-dom@^2.1.2":
  version "2.1.8"
  resolved "https://registry.npmjs.org/@floating-ui/react-dom/-/react-dom-2.1.8.tgz"
  integrity sha512-cC52bHwM/n/CxS87FH0yWdngEZrjdtLW/qVruo68qg+prK7ZQ4YGdut2GyDVpoGeAYe/h899rVeOVm6Oi40k2A==
  dependencies:
    "@floating-ui/dom" "^1.7.6"

"@floating-ui/utils@^0.2.11", "@floating-ui/utils@^0.2.8":
  version "0.2.11"
  resolved "https://registry.npmjs.org/@floating-ui/utils/-/utils-0.2.11.tgz"
  integrity sha512-RiB/yIh78pcIxl6lLMG0CgBXAZ2Y0eVHqMPYugu+9U0AeT6YBeiJpf7lbdJNIugFP5SIjwNRgo4DhR1Qxi26Gg==

"@graphiql/plugin-doc-explorer@^0.0.2":
  version "0.0.2"
  resolved "https://registry.npmjs.org/@graphiql/plugin-doc-explorer/-/plugin-doc-explorer-0.0.2.tgz"
  integrity sha512-KUcbPjKJdY3JDPtCZEfFrAkzOlQbsoQ+M1NIjsQEEQhZHCp+7a7AO4mG82GKlhJK0ofWRNWGfvMJ/+LIajw9XA==
  dependencies:
    "@graphiql/react" "^0.32.2"
    "@headlessui/react" "^2.2"
    react-compiler-runtime "19.1.0-rc.1"

"@graphiql/plugin-history@^0.1.0":
  version "0.1.0"
  resolved "https://registry.npmjs.org/@graphiql/plugin-history/-/plugin-history-0.1.0.tgz"
  integrity sha512-ruT3LGsZ8kGow8fZAhP2td91qjAYYzndNupWr8HRAT9AHiPJsT197WyDWMEKpVzflHyMMd3suTZzjHtIUtO7pA==
  dependencies:
    "@graphiql/react" "^0.32.2"
    "@graphiql/toolkit" "^0.11.2"
    react-compiler-runtime "19.1.0-rc.1"
    zustand "^5"

"@graphiql/react@^0.32.2":
  version "0.32.2"
  resolved "https://registry.npmjs.org/@graphiql/react/-/react-0.32.2.tgz"
  integrity sha512-FVuLbtOGQ9UfqmsVDJPmXZBo3UJ+H6d0W89agTA9gO9/YMJNHPoqQ9JZHxlI4bePZEY61hYp4OossoaD6fsVzQ==
  dependencies:
    "@graphiql/toolkit" "^0.11.2"
    "@radix-ui/react-dialog" "^1.1"
    "@radix-ui/react-dropdown-menu" "^2.1"
    "@radix-ui/react-tooltip" "^1.2"
    "@radix-ui/react-visually-hidden" "^1.2"
    "@types/codemirror" "^5.60.8"
    clsx "^1.2.1"
    codemirror "^5.65.3"
    codemirror-graphql "^2.2.1"
    copy-to-clipboard "^3.2.0"
    framer-motion "^12"
    get-value "^3.0.1"
    graphql-language-service "^5.3.1"
    markdown-it "^14.1.0"
    react-compiler-runtime "19.1.0-rc.1"
    set-value "^4.1.0"

"@graphiql/toolkit@^0.11.2":
  version "0.11.3"
  resolved "https://registry.npmjs.org/@graphiql/toolkit/-/toolkit-0.11.3.tgz"
  integrity sha512-Glf0fK1cdHLNq52UWPzfSrYIJuNxy8h4451Pw1ZVpJ7dtU+tm7GVVC64UjEDQ/v2j3fnG4cX8jvR75IvfL6nzQ==
  dependencies:
    "@n1ru4l/push-pull-async-iterable-iterator" "^3.1.0"
    meros "^1.1.4"

"@headlessui/react@^2.2":
  version "2.2.10"
  resolved "https://registry.npmjs.org/@headlessui/react/-/react-2.2.10.tgz"
  integrity sha512-5pVLNK9wlpxTUTy9GpgbX/SdcRh+HBnPktjM2wbiLTH4p+2EPHBO1aoSryUCuKUIItdDWO9ITlhUL8UnUN/oIA==
  dependencies:
    "@floating-ui/react" "^0.26.16"
    "@react-aria/focus" "^3.20.2"
    "@react-aria/interactions" "^3.25.0"
    "@tanstack/react-virtual" "^3.13.9"
    use-sync-external-store "^1.5.0"

"@internationalized/date@^3.12.2":
  version "3.12.2"
  resolved "https://registry.npmjs.org/@internationalized/date/-/date-3.12.2.tgz"
  integrity sha512-FY1Y+H64NDs+HAF6omlnWxm3mEpfgaCSWtL5l551ZZfImA+kGjPFgrnJrGjH6lfmLL0g8Z/mBu1R3kufeCp6Jw==
  dependencies:
    "@swc/helpers" "^0.5.0"

"@internationalized/number@^3.6.7":
  version "3.6.7"
  resolved "https://registry.npmjs.org/@internationalized/number/-/number-3.6.7.tgz"
  integrity sha512-3ji1fcrT+FPAK86UqEhB/psHixYo6niWPJtt7+qRaYFynt/BaJG8GhAPimtWUpEiVSTq8ZM8L5psMxGquiB/Vg==
  dependencies:
    "@swc/helpers" "^0.5.0"

"@internationalized/string@^3.2.9":
  version "3.2.9"
  resolved "https://registry.npmjs.org/@internationalized/string/-/string-3.2.9.tgz"
  integrity sha512-kzP/M/mbQxODlmOt4bIQZ2SBVUWUSqMLXooXixnX7noche8WHaQcA+nwFN1K2KCF/cp+LDUhcJsCicwkvhD1pg==
  dependencies:
    "@swc/helpers" "^0.5.0"

"@n1ru4l/push-pull-async-iterable-iterator@^3.1.0":
  version "3.2.0"
  resolved "https://registry.npmjs.org/@n1ru4l/push-pull-async-iterable-iterator/-/push-pull-async-iterable-iterator-3.2.0.tgz"
  integrity sha512-3fkKj25kEjsfObL6IlKPAlHYPq/oYwUkkQ03zsTTiDjD7vg/RxjdiLeCydqtxHZP0JgsXL3D/X5oAkMGzuUp/Q==

"@radix-ui/primitive@1.1.4":
  version "1.1.4"
  resolved "https://registry.npmjs.org/@radix-ui/primitive/-/primitive-1.1.4.tgz"
  integrity sha512-7AdCK9PQyiljKoBDbN8OuctCbd/esdwZPQ8RtOE3SsyQtUpiPb+ND75q0jEhC1m1ecBI0MFNeLJvwIh9iKHRcQ==

"@radix-ui/react-arrow@1.1.11":
  version "1.1.11"
  resolved "https://registry.npmjs.org/@radix-ui/react-arrow/-/react-arrow-1.1.11.tgz"
  integrity sha512-Kdil9BB1rIFC/khmf4hC35bn8701AJcizTU7G7cUbEbk5XqqbjDuHW60uUfKqO5WojjZcbAW51Q7P0hRmMLw8A==
  dependencies:
    "@radix-ui/react-primitive" "2.1.7"

"@radix-ui/react-collection@1.1.11":
  version "1.1.11"
  resolved "https://registry.npmjs.org/@radix-ui/react-collection/-/react-collection-1.1.11.tgz"
  integrity sha512-djW9+zeg137KQdlPtmE8xnaD+K2rcXXMWFrSg0hsmYZ6HRbdTA7tDHFgpaW9+huWVEu0RCabL+985T4TA0BE7g==
  dependencies:
    "@radix-ui/react-compose-refs" "1.1.3"
    "@radix-ui/react-context" "1.1.4"
    "@radix-ui/react-primitive" "2.1.7"
    "@radix-ui/react-slot" "1.3.0"

"@radix-ui/react-compose-refs@1.1.3":
  version "1.1.3"
  resolved "https://registry.npmjs.org/@radix-ui/react-compose-refs/-/react-compose-refs-1.1.3.tgz"
  integrity sha512-rYOP8OMnuuPMQF1uhPVlGNcCDlkokKqGFE3JcxFViIkAXP7EvFWUliJAstrapypaBLJNHbZL6jGhbVDGTwmVhA==

"@radix-ui/react-context@1.1.4":
  version "1.1.4"
  resolved "https://registry.npmjs.org/@radix-ui/react-context/-/react-context-1.1.4.tgz"
  integrity sha512-QwH4PO5urrbO+FaGd5Aglg+YJgWTyyuZ3g/6mKvsqraLkglDdckw9JafgL5McL5VEJ6EPNduPaT3ZE9BttDAqg==

"@radix-ui/react-dialog@^1.1":
  version "1.1.18"
  resolved "https://registry.npmjs.org/@radix-ui/react-dialog/-/react-dialog-1.1.18.tgz"
  integrity sha512-apa28mldjMgORmE6g/w3sCcA0Y9UAVeeDVoozN4i7kOw12mLl9RBchfzK3Nn6qxOWjrZhK1Lfy7f07kyzxtnBw==
  dependencies:
    "@radix-ui/primitive" "1.1.4"
    "@radix-ui/react-compose-refs" "1.1.3"
    "@radix-ui/react-context" "1.1.4"
    "@radix-ui/react-dismissable-layer" "1.1.14"
    "@radix-ui/react-focus-guards" "1.1.4"
    "@radix-ui/react-focus-scope" "1.1.11"
    "@radix-ui/react-id" "1.1.2"
    "@radix-ui/react-portal" "1.1.13"
    "@radix-ui/react-presence" "1.1.6"
    "@radix-ui/react-primitive" "2.1.7"
    "@radix-ui/react-slot" "1.3.0"
    "@radix-ui/react-use-controllable-state" "1.2.3"
    aria-hidden "^1.2.4"
    react-remove-scroll "^2.7.2"

"@radix-ui/react-direction@1.1.2":
  version "1.1.2"
  resolved "https://registry.npmjs.org/@radix-ui/react-direction/-/react-direction-1.1.2.tgz"
  integrity sha512-C3vFhbyi4SW3PmbAi6Awpu4OzJtd0MxGurvSsYtr7p7nM8RNB3VAF3CUmnp2j50knpkrRcB7+ycVXzgLgF6yNA==

"@radix-ui/react-dismissable-layer@1.1.14":
  version "1.1.14"
  resolved "https://registry.npmjs.org/@radix-ui/react-dismissable-layer/-/react-dismissable-layer-1.1.14.tgz"
  integrity sha512-4lUhWTWAjbDIqFrAPWJ3WqBOpO5YchVZ88X3nh6H9Lu5AFi5nCUeTPj3D8FSDmabmFeRe9ME0BDA4MwKTha5GQ==
  dependencies:
    "@radix-ui/primitive" "1.1.4"
    "@radix-ui/react-compose-refs" "1.1.3"
    "@radix-ui/react-primitive" "2.1.7"
    "@radix-ui/react-use-callback-ref" "1.1.2"
    "@radix-ui/react-use-effect-event" "0.0.3"

"@radix-ui/react-dropdown-menu@^2.1":
  version "2.1.19"
  resolved "https://registry.npmjs.org/@radix-ui/react-dropdown-menu/-/react-dropdown-menu-2.1.19.tgz"
  integrity sha512-HZccBkbK0LOi8nYKIp5jll/zIRW0cCOmG6WWyqsSpmXCU+ZlcBbTqIwlBvPCu886C5RVu6c/kHV7xSP8IgYNHw==
  dependencies:
    "@radix-ui/primitive" "1.1.4"
    "@radix-ui/react-compose-refs" "1.1.3"
    "@radix-ui/react-context" "1.1.4"
    "@radix-ui/react-id" "1.1.2"
    "@radix-ui/react-menu" "2.1.19"
    "@radix-ui/react-primitive" "2.1.7"
    "@radix-ui/react-use-controllable-state" "1.2.3"

"@radix-ui/react-focus-guards@1.1.4":
  version "1.1.4"
  resolved "https://registry.npmjs.org/@radix-ui/react-focus-guards/-/react-focus-guards-1.1.4.tgz"
  integrity sha512-cot/aB/mOm0IYVYTTmQcEEK1M48lZWi8FlYe5nDPQQ8NYZUlXEFgncJ9p2Kzer3RKSrY7cTTpEMLZKNo9QoP5Q==

"@radix-ui/react-focus-scope@1.1.11":
  version "1.1.11"
  resolved "https://registry.npmjs.org/@radix-ui/react-focus-scope/-/react-focus-scope-1.1.11.tgz"
  integrity sha512-Mn88Vg2whaRocGJNOH+DKFqYm6ySFPQaiwHNxZPyjn99B52KAEJWWY9NP83+nWdk2HM3rdov+STu9AG471Rt9w==
  dependencies:
    "@radix-ui/react-compose-refs" "1.1.3"
    "@radix-ui/react-primitive" "2.1.7"
    "@radix-ui/react-use-callback-ref" "1.1.2"

"@radix-ui/react-id@1.1.2":
  version "1.1.2"
  resolved "https://registry.npmjs.org/@radix-ui/react-id/-/react-id-1.1.2.tgz"
  integrity sha512-orBC88futVpqCmhX1p4cvquNHsELQ+w+vBJnuj3ftETI5bJb0bZn3Tqu3SWN2IOcPycTnMGnhwoermvISt72sA==
  dependencies:
    "@radix-ui/react-use-layout-effect" "1.1.2"

"@radix-ui/react-menu@2.1.19":
  version "2.1.19"
  resolved "https://registry.npmjs.org/@radix-ui/react-menu/-/react-menu-2.1.19.tgz"
  integrity sha512-Mht9BVd1AIsNFVQr4KG3bIK7XQn5IXF0TL/2ObsrzOdc1loaly/+kBDL5roSCYn8j8XZkvpOD0WYLz2FQtH1Eg==
  dependencies:
    "@radix-ui/primitive" "1.1.4"
    "@radix-ui/react-collection" "1.1.11"
    "@radix-ui/react-compose-refs" "1.1.3"
    "@radix-ui/react-context" "1.1.4"
    "@radix-ui/react-direction" "1.1.2"
    "@radix-ui/react-dismissable-layer" "1.1.14"
    "@radix-ui/react-focus-guards" "1.1.4"
    "@radix-ui/react-focus-scope" "1.1.11"
    "@radix-ui/react-id" "1.1.2"
    "@radix-ui/react-popper" "1.3.2"
    "@radix-ui/react-portal" "1.1.13"
    "@radix-ui/react-presence" "1.1.6"
    "@radix-ui/react-primitive" "2.1.7"
    "@radix-ui/react-roving-focus" "1.1.14"
    "@radix-ui/react-slot" "1.3.0"
    "@radix-ui/react-use-callback-ref" "1.1.2"
    aria-hidden "^1.2.4"
    react-remove-scroll "^2.7.2"

"@radix-ui/react-popper@1.3.2":
  version "1.3.2"
  resolved "https://registry.npmjs.org/@radix-ui/react-popper/-/react-popper-1.3.2.tgz"
  integrity sha512-3QXNeMkdshed1MR3LNoiCirBywRFPkD8ETJa/HlPuLwSajaQixf2ro+isoDNJlGABg9ug41XuZpINZJIle4XWg==
  dependencies:
    "@floating-ui/react-dom" "^2.0.0"
    "@radix-ui/react-arrow" "1.1.11"
    "@radix-ui/react-compose-refs" "1.1.3"
    "@radix-ui/react-context" "1.1.4"
    "@radix-ui/react-primitive" "2.1.7"
    "@radix-ui/react-use-callback-ref" "1.1.2"
    "@radix-ui/react-use-layout-effect" "1.1.2"
    "@radix-ui/react-use-rect" "1.1.2"
    "@radix-ui/react-use-size" "1.1.2"
    "@radix-ui/rect" "1.1.2"

"@radix-ui/react-portal@1.1.13":
  version "1.1.13"
  resolved "https://registry.npmjs.org/@radix-ui/react-portal/-/react-portal-1.1.13.tgz"
  integrity sha512-z3oXfmaHLJTF1wktbjgD6cn9jiEbq3WSondB10LIuIt2m2Ym4iJlrW04/euMwENDdWDdE7z+OuY7Qyp1YpRSwA==
  dependencies:
    "@radix-ui/react-primitive" "2.1.7"
    "@radix-ui/react-use-layout-effect" "1.1.2"

"@radix-ui/react-presence@1.1.6":
  version "1.1.6"
  resolved "https://registry.npmjs.org/@radix-ui/react-presence/-/react-presence-1.1.6.tgz"
  integrity sha512-zdTk4PlUO0E18HnZ3wYbW0KkJJxWCdiNYp6g6X1PtONFhxVkg01vliTJAmwIszU6mHiyBOoW9P0rAugl5/hULQ==
  dependencies:
    "@radix-ui/react-use-layout-effect" "1.1.2"

"@radix-ui/react-primitive@2.1.7":
  version "2.1.7"
  resolved "https://registry.npmjs.org/@radix-ui/react-primitive/-/react-primitive-2.1.7.tgz"
  integrity sha512-bC3NiwsprbxKjuon9l7X6BUTw7FPVzEYaL92MPEY5SCd/9hUTPXVFtVwRix7778wtRsVao+zE062gL79FZleeQ==
  dependencies:
    "@radix-ui/react-slot" "1.3.0"

"@radix-ui/react-roving-focus@1.1.14":
  version "1.1.14"
  resolved "https://registry.npmjs.org/@radix-ui/react-roving-focus/-/react-roving-focus-1.1.14.tgz"
  integrity sha512-8Qcnx9447tx/aCBgw6Jenfqg4Skq+vqab9mCBmuGNipIS5YXvL275wbKEu7+ICYHIlAPgCduUMJH1XOYewKF6Q==
  dependencies:
    "@radix-ui/primitive" "1.1.4"
    "@radix-ui/react-collection" "1.1.11"
    "@radix-ui/react-compose-refs" "1.1.3"
    "@radix-ui/react-context" "1.1.4"
    "@radix-ui/react-direction" "1.1.2"
    "@radix-ui/react-id" "1.1.2"
    "@radix-ui/react-primitive" "2.1.7"
    "@radix-ui/react-use-callback-ref" "1.1.2"
    "@radix-ui/react-use-controllable-state" "1.2.3"

"@radix-ui/react-slot@1.3.0":
  version "1.3.0"
  resolved "https://registry.npmjs.org/@radix-ui/react-slot/-/react-slot-1.3.0.tgz"
  integrity sha512-MojKku4U/miO8Av4Dkb+ctMAQx7JmY96LmtDQlAarCRtd7rN52QCSzBF+XAvr5S6coSVj9HEPBgHAHKEJVk/WA==
  dependencies:
    "@radix-ui/react-compose-refs" "1.1.3"

"@radix-ui/react-tooltip@^1.2":
  version "1.2.11"
  resolved "https://registry.npmjs.org/@radix-ui/react-tooltip/-/react-tooltip-1.2.11.tgz"
  integrity sha512-8XZ6Py3y3W2nEzAUGCN5cfVKaUi+CVApcz1d6lrNVVf2hvYEixMRkq8k9ggPKnQUpRRuOV5avt8uvxViH2jLwA==
  dependencies:
    "@radix-ui/primitive" "1.1.4"
    "@radix-ui/react-compose-refs" "1.1.3"
    "@radix-ui/react-context" "1.1.4"
    "@radix-ui/react-dismissable-layer" "1.1.14"
    "@radix-ui/react-id" "1.1.2"
    "@radix-ui/react-popper" "1.3.2"
    "@radix-ui/react-portal" "1.1.13"
    "@radix-ui/react-presence" "1.1.6"
    "@radix-ui/react-primitive" "2.1.7"
    "@radix-ui/react-slot" "1.3.0"
    "@radix-ui/react-use-controllable-state" "1.2.3"
    "@radix-ui/react-visually-hidden" "1.2.7"

"@radix-ui/react-use-callback-ref@1.1.2":
  version "1.1.2"
  resolved "https://registry.npmjs.org/@radix-ui/react-use-callback-ref/-/react-use-callback-ref-1.1.2.tgz"
  integrity sha512-xCso9j1/u8sEgP1RNHjFrXJLApL8LiqOkI1R4ywuN00rxWdYg4oQXuwKLS3i0j5NWLromUD27/4nlxj2UFVvIw==

"@radix-ui/react-use-controllable-state@1.2.3":
  version "1.2.3"
  resolved "https://registry.npmjs.org/@radix-ui/react-use-controllable-state/-/react-use-controllable-state-1.2.3.tgz"
  integrity sha512-PLzC90MS+ReootmjC597dvopoelpZ8Q61HJkDXZSExitIq7PL55vHNnesAHwguHK0aPfBnpdNzQtv1uliaqQrA==
  dependencies:
    "@radix-ui/react-use-effect-event" "0.0.3"
    "@radix-ui/react-use-layout-effect" "1.1.2"

"@radix-ui/react-use-effect-event@0.0.3":
  version "0.0.3"
  resolved "https://registry.npmjs.org/@radix-ui/react-use-effect-event/-/react-use-effect-event-0.0.3.tgz"
  integrity sha512-6c8ZqvPTWILEKnyVkP53EGRCcpnJiKTC21sS/6R1GF5xKyHJJWQEPfkqlcgUkdRQivd6tb23abUwe4ngWmY0JA==
  dependencies:
    "@radix-ui/react-use-layout-effect" "1.1.2"

"@radix-ui/react-use-layout-effect@1.1.2":
  version "1.1.2"
  resolved "https://registry.npmjs.org/@radix-ui/react-use-layout-effect/-/react-use-layout-effect-1.1.2.tgz"
  integrity sha512-jrBWOxZITuGcnjRCM2t2U5ZPkCLxD+Ym6DjfssS5haTj2iiak/DOb64JeN6OdLfLgptb6/e2kKR+ZuTrGoZTPA==

"@radix-ui/react-use-rect@1.1.2":
  version "1.1.2"
  resolved "https://registry.npmjs.org/@radix-ui/react-use-rect/-/react-use-rect-1.1.2.tgz"
  integrity sha512-d8a+bBY/FxikNPlgJJoaBHZX+zKVbWHYJGTLnLvveQgFSTntkGdEKv3JDtHrMS0DNYpllz2nRsTLGLKYttbpmw==
  dependencies:
    "@radix-ui/rect" "1.1.2"

"@radix-ui/react-use-size@1.1.2":
  version "1.1.2"
  resolved "https://registry.npmjs.org/@radix-ui/react-use-size/-/react-use-size-1.1.2.tgz"
  integrity sha512-giWQp+4mxjBPt4KZ0MmyuykFNWfbDxKt4x+fPkRYmgRFJSbCZFzUglvMb/Kjn38tm10YP4ufiQZDx3zna4LU6w==
  dependencies:
    "@radix-ui/react-use-layout-effect" "1.1.2"

"@radix-ui/react-visually-hidden@1.2.7", "@radix-ui/react-visually-hidden@^1.2":
  version "1.2.7"
  resolved "https://registry.npmjs.org/@radix-ui/react-visually-hidden/-/react-visually-hidden-1.2.7.tgz"
  integrity sha512-1wNZBggTDK3GRuuQ6nP4k2yi7a6l7I5qbMPbZcRsrGsGVead/f/d5FhEzUvqFs0bcrDLx7n1zKQ3JvLR6whaaw==
  dependencies:
    "@radix-ui/react-primitive" "2.1.7"

"@radix-ui/rect@1.1.2":
  version "1.1.2"
  resolved "https://registry.npmjs.org/@radix-ui/rect/-/rect-1.1.2.tgz"
  integrity sha512-xnXE7wG13PI+cxieVssYXlQJuYVRhH9NBoxt3KNwzghDIA69GMm7d4wXRouHIYjE+KvS6U/MsMO73NdS2MH9ZA==

"@react-aria/focus@^3.20.2":
  version "3.22.1"
  resolved "https://registry.npmjs.org/@react-aria/focus/-/focus-3.22.1.tgz"
  integrity sha512-CPxtkyrBi/HYY5P3lE/57sQ6qfa0lN8E55TOm89H0kNGv0lKt+/0zP7lWERzBjRr5IxBVrQX4gFEowBN52LPaA==
  dependencies:
    "@swc/helpers" "^0.5.0"
    react-aria "^3.48.0"

"@react-aria/interactions@^3.25.0":
  version "3.28.1"
  resolved "https://registry.npmjs.org/@react-aria/interactions/-/interactions-3.28.1.tgz"
  integrity sha512-Bqb+HrD5I5MHS2SKBhISYqo2SW8Y2dfzgF/Y1lIJq7xqLxheo9vzxPGEHhz+XzkgGfoqEJx8A6a3C7uiqS3HWA==
  dependencies:
    "@react-types/shared" "^3.34.0"
    "@swc/helpers" "^0.5.0"
    react-aria "^3.48.0"

"@react-types/shared@^3.34.0", "@react-types/shared@^3.36.0":
  version "3.36.0"
  resolved "https://registry.npmjs.org/@react-types/shared/-/shared-3.36.0.tgz"
  integrity sha512-DkP/H0C2YjjS7gZWKNqOmU8a16qHPjQNdzMwmTq9SzplM6Iw0kVMTZ0OIoe6FOgGqa+FwMsE2QbPjh/n3g/jXQ==

"@swc/helpers@^0.5.0":
  version "0.5.23"
  resolved "https://registry.npmjs.org/@swc/helpers/-/helpers-0.5.23.tgz"
  integrity sha512-5lSsMOTXURePglDfvuAQUqkGek9Hg2kksOYay2m0+XR++b2NWYL/4sWyuvVBIs8oKnJaxkdi9whaL/sqN13afw==
  dependencies:
    tslib "^2.8.0"

"@tanstack/react-virtual@^3.13.9":
  version "3.14.5"
  resolved "https://registry.npmjs.org/@tanstack/react-virtual/-/react-virtual-3.14.5.tgz"
  integrity sha512-4EKRXh7zBLkbKbFmG3AUVkircuHd+7OdT1pocJSepxtfBd3qnrJgJ5rtPkRYyo9fmyVb2+pI2xPy5oYvMLQy6A==
  dependencies:
    "@tanstack/virtual-core" "3.17.3"

"@tanstack/virtual-core@3.17.3":
  version "3.17.3"
  resolved "https://registry.npmjs.org/@tanstack/virtual-core/-/virtual-core-3.17.3.tgz"
  integrity sha512-8Np/TFELpI0ySuJoVmjvOrQYXH/8sTX0Biv9szhFhY39xOdAAY+smrMxjxOum/ux3eM8MUJQsEJ0/R0UpvC8dw==

"@types/codemirror@^5.60.8":
  version "5.60.17"
  resolved "https://registry.npmjs.org/@types/codemirror/-/codemirror-5.60.17.tgz"
  integrity sha512-AZq2FIsUHVMlp7VSe2hTfl5w4pcUkoFkM3zVsRKsn1ca8CXRDYvnin04+HP2REkwsxemuHqvDofdlhUWNpbwfw==
  dependencies:
    "@types/tern" "*"

"@types/codemirror@^0.0.90":
  version "0.0.90"
  resolved "https://registry.npmjs.org/@types/codemirror/-/codemirror-0.0.90.tgz"
  integrity sha512-8Z9+tSg27NPRGubbUPUCrt5DDG/OWzLph5BvcDykwR5D7RyZh5mhHG0uS1ePKV1YFCA+/cwc4Ey2AJAEFfV3IA==
  dependencies:
    "@types/tern" "*"

"@types/estree@*":
  version "1.0.9"
  resolved "https://registry.npmjs.org/@types/estree/-/estree-1.0.9.tgz"
  integrity sha512-GhdPgy1el4/ImP05X05Uw4cw2/M93BCUmnEvWZNStlCzEKME4Fkk+YpoA5OiHNQmoS7Cafb8Xa3Pya8m1Qrzeg==

"@types/tern@*":
  version "0.23.9"
  resolved "https://registry.npmjs.org/@types/tern/-/tern-0.23.9.tgz"
  integrity sha512-ypzHFE/wBzh+BlH6rrBgS5I/Z7RD21pGhZ2rltb/+ZrVM1awdZwjx7hE5XfuYgHWk9uvV5HLZN3SloevCAp3Bw==
  dependencies:
    "@types/estree" "*"

argparse@^2.0.1:
  version "2.0.1"
  resolved "https://registry.npmjs.org/argparse/-/argparse-2.0.1.tgz"
  integrity sha512-8+9WqebbFzpX9OR+Wa6O29asIogeRMzcGtAINdpMHHyAg10f05aSFVBbcEqGf/PXw1EjAZ+q2/bEBg3DvurK3Q==

aria-hidden@^1.2.3, aria-hidden@^1.2.4:
  version "1.2.6"
  resolved "https://registry.npmjs.org/aria-hidden/-/aria-hidden-1.2.6.tgz"
  integrity sha512-ik3ZgC9dY/lYVVM++OISsaYDeg1tb0VtP5uL3ouh1koGOaUMDPpbFIei4JkFimWUFPn90sbMNMXQAIVOlnYKJA==
  dependencies:
    tslib "^2.0.0"

clsx@^1.2.1:
  version "1.2.1"
  resolved "https://registry.npmjs.org/clsx/-/clsx-1.2.1.tgz"
  integrity sha512-EcR6r5a8bj6pu3ycsa/E/cKVGuTgZJZdsyUYHOksG/UHIiKfjxzRxYJpyVBwYaQeOvghal9fcc4PidlgzugAQg==

clsx@^2.0.0:
  version "2.1.1"
  resolved "https://registry.npmjs.org/clsx/-/clsx-2.1.1.tgz"
  integrity sha512-eYm0QWBtUrBWZWG0d386OGAw16Z995PiOVo2B7bjWSbHedGl5e0ZWaq65kOGgUSNesEIDkB9ISbTg/JK9dhCZA==

codemirror@^5.65.3:
  version "5.65.21"
  resolved "https://registry.npmjs.org/codemirror/-/codemirror-5.65.21.tgz"
  integrity sha512-6teYk0bA0nR3QP0ihGMoxuKzpl5W80FpnHpBJpgy66NK3cZv5b/d/HY8PnRvfSsCG1MTfr92u2WUl+wT0E40mQ==

codemirror-graphql@^2.2.1:
  version "2.2.7"
  resolved "https://registry.npmjs.org/codemirror-graphql/-/codemirror-graphql-2.2.7.tgz"
  integrity sha512-L+kuJYVvMU0rsqOKPFvHIPsaOG38yCSdKkBWkm/atjC4JtA9Qt1HWe/aK0sDf+pwAwss465bgF7dw/e8G2/NxQ==
  dependencies:
    "@types/codemirror" "^0.0.90"
    graphql-language-service "5.5.2"

copy-to-clipboard@^3.2.0:
  version "3.3.3"
  resolved "https://registry.npmjs.org/copy-to-clipboard/-/copy-to-clipboard-3.3.3.tgz"
  integrity sha512-2KV8NhB5JqC3ky0r9PMCAZKbUHSwtEo4CwCs0KXgruG43gX5PMqDEBbVU4OUzw2MuAWUfsuFmWvEKG5QRfSnJA==
  dependencies:
    toggle-selection "^1.0.6"

debounce-promise@^3.1.2:
  version "3.1.2"
  resolved "https://registry.npmjs.org/debounce-promise/-/debounce-promise-3.1.2.tgz"
  integrity sha512-rZHcgBkbYavBeD9ej6sP56XfG53d51CD4dnaw989YX/nZ/ZJfgRx/9ePKmTNiUiyQvh4mtrMoS3OAWW+yoYtpg==

detect-node-es@^1.1.0:
  version "1.1.0"
  resolved "https://registry.npmjs.org/detect-node-es/-/detect-node-es-1.1.0.tgz"
  integrity sha512-ypdmJU/TbBby2Dxibuv7ZLW3Bs1QEmM7nHjEANfohJLvE0XVujisn1qPJcZxg+qDucsr+bP6fLD1rPS3AhJ7EQ==

entities@^4.4.0:
  version "4.5.0"
  resolved "https://registry.npmjs.org/entities/-/entities-4.5.0.tgz"
  integrity sha512-V0hjH4dGPh9Ao5p0MoRY6BVqtwCjhz6vI5LT8AJ55H+4g9/4vbHx1I54fS0XuclLhDHArPQCiMjDxjaL8fPxhw==

framer-motion@^12:
  version "12.42.2"
  resolved "https://registry.npmjs.org/framer-motion/-/framer-motion-12.42.2.tgz"
  integrity sha512-5XY9luDiu0oHfHBjpDthFMh0ES+122w6p/papSJBweMkO8Sn+PW2QaEgRblQBpWFnuvZS5qvarpt/hO2pjGmnw==
  dependencies:
    motion-dom "^12.42.2"
    motion-utils "^12.39.0"
    tslib "^2.4.0"

get-nonce@^1.0.0:
  version "1.0.1"
  resolved "https://registry.npmjs.org/get-nonce/-/get-nonce-1.0.1.tgz"
  integrity sha512-FJhYRoDaiatfEkUK8HKlicmu/3SGFD51q3itKDGoSTysQJBnfOcxU5GxnhE1E6soB76MbT0MBtnKJuXyAx+96Q==

get-value@^3.0.1:
  version "3.0.1"
  resolved "https://registry.npmjs.org/get-value/-/get-value-3.0.1.tgz"
  integrity sha512-mKZj9JLQrwMBtj5wxi6MH8Z5eSKaERpAwjg43dPtlGI1ZVEgH/qC7T8/6R2OBSUA+zzHBZgICsVJaEIV2tKTDA==
  dependencies:
    isobject "^3.0.1"

graphiql@4.0.3:
  version "4.0.3"
  resolved "https://registry.npmjs.org/graphiql/-/graphiql-4.0.3.tgz"
  integrity sha512-/kSuorVA1qzP796/gckJzpsRveoIsm/1UJI5a8QnI1NLlXvI3ILxSHOB6P7T6rooV+CRU8HfcWItPmqyxPjC3g==
  dependencies:
    "@graphiql/plugin-doc-explorer" "^0.0.2"
    "@graphiql/plugin-history" "^0.1.0"
    "@graphiql/react" "^0.32.2"
    react-compiler-runtime "19.1.0-rc.1"

graphql-language-service@5.5.2, graphql-language-service@^5.3.1:
  version "5.5.2"
  resolved "https://registry.npmjs.org/graphql-language-service/-/graphql-language-service-5.5.2.tgz"
  integrity sha512-NJhgEKTArkyNPcy4NRUFdbpNs5/F99LcvXbNtmGzNGwwruN8tBE3YPMjpYmp8KpBQtOx3uSuvXJlOOE3Vy2KRQ==
  dependencies:
    debounce-promise "^3.1.2"
    nullthrows "^1.0.0"
    vscode-languageserver-types "^3.17.1"

is-plain-object@^2.0.4:
  version "2.0.4"
  resolved "https://registry.npmjs.org/is-plain-object/-/is-plain-object-2.0.4.tgz"
  integrity sha512-h5PpgXkWitc38BBMYawTYMWJHFZJVnBquFE57xFpjB8pJFiF6gZ+bU+WyI/yqXiFR5mdLsgYNaPe8uao6Uv9Og==
  dependencies:
    isobject "^3.0.1"

is-primitive@^3.0.1:
  version "3.0.1"
  resolved "https://registry.npmjs.org/is-primitive/-/is-primitive-3.0.1.tgz"
  integrity sha512-GljRxhWvlCNRfZyORiH77FwdFwGcMO620o37EOYC0ORWdq+WYNVqW0w2Juzew4M+L81l6/QS3t5gkkihyRqv9w==

isobject@^3.0.1:
  version "3.0.1"
  resolved "https://registry.npmjs.org/isobject/-/isobject-3.0.1.tgz"
  integrity sha512-WhB9zCku7EGTj/HQQRz5aUQEUeoQZH2bWcltRErOpymJ4boYE6wL9Tbr23krRPSZ+C5zqNSrSw+Cc7sZZ4b7vg==

"js-tokens@^3.0.0 || ^4.0.0":
  version "4.0.0"
  resolved "https://registry.npmjs.org/js-tokens/-/js-tokens-4.0.0.tgz"
  integrity sha512-RdJUflcE3cUzKiMqQgsCu06FPu9UdIJO0beYbPhHN4k6apgJtifcoCtT9bcxOpYBtpD2kCM6Sbzg4CausW/PKQ==

linkify-it@^5.0.1:
  version "5.0.1"
  resolved "https://registry.npmjs.org/linkify-it/-/linkify-it-5.0.1.tgz"
  integrity sha512-wVoTjP4Q6R0NW5hiZkVJaFZPWgtXfoGF+6LucL3/FtiNjmcHhYjEr5f1Kqjirc1nBW07J/ZuRFumqr2oqccEWg==
  dependencies:
    uc.micro "^2.0.0"

loose-envify@^1.1.0:
  version "1.4.0"
  resolved "https://registry.npmjs.org/loose-envify/-/loose-envify-1.4.0.tgz"
  integrity sha512-lyuxPGr/Wfhrlem2CL/UcnUc1zcqKAImBDzukY7Y5F/yQiNdko6+fRLevlw1HgMySw7f611UIY408EtxRSoK3Q==
  dependencies:
    js-tokens "^3.0.0 || ^4.0.0"

markdown-it@^14.1.0:
  version "14.2.0"
  resolved "https://registry.npmjs.org/markdown-it/-/markdown-it-14.2.0.tgz"
  integrity sha512-1TGiQiJVRQ3NPmZH6sx5Cfnmg6GQm9jvC1ch4TK511NjSJvjzKLzn5pPfZRNZkRPZP0HqCioSndqH8v2nRaWVQ==
  dependencies:
    argparse "^2.0.1"
    entities "^4.4.0"
    linkify-it "^5.0.1"
    mdurl "^2.0.0"
    punycode.js "^2.3.1"
    uc.micro "^2.1.0"

mdurl@^2.0.0:
  version "2.0.0"
  resolved "https://registry.npmjs.org/mdurl/-/mdurl-2.0.0.tgz"
  integrity sha512-Lf+9+2r+Tdp5wXDXC4PcIBjTDtq4UKjCPMQhKIuzpJNW0b96kVqSwW0bT7FhRSfmAiFYgP+SCRvdrDozfh0U5w==

meros@^1.1.4:
  version "1.3.2"
  resolved "https://registry.npmjs.org/meros/-/meros-1.3.2.tgz"
  integrity sha512-Q3mobPbvEx7XbwhnC1J1r60+5H6EZyNccdzSz0eGexJRwouUtTZxPVRGdqKtxlpD84ScK4+tIGldkqDtCKdI0A==

motion-dom@^12.42.2:
  version "12.42.2"
  resolved "https://registry.npmjs.org/motion-dom/-/motion-dom-12.42.2.tgz"
  integrity sha512-5gIMWLp/PycBtJRJWRgjxke5n8dlvkSn2DrYW+tr3XcqAZY1xZh6BJyooJXCM8wdfM7wfMjkBJNLge1CKPUIRA==
  dependencies:
    motion-utils "^12.39.0"

motion-utils@^12.39.0:
  version "12.39.0"
  resolved "https://registry.npmjs.org/motion-utils/-/motion-utils-12.39.0.tgz"
  integrity sha512-8nadJAJjTtqRkmRF36FoJTrywK9nnFmnPwnSMyxaOCU7GDjN9RTMJIxx9De8ErM+vpPhMccr/6fo5WciyQLnMQ==

nullthrows@^1.0.0:
  version "1.1.1"
  resolved "https://registry.npmjs.org/nullthrows/-/nullthrows-1.1.1.tgz"
  integrity sha512-2vPPEi+Z7WqML2jZYddDIfy5Dqb0r2fze2zTxNNknZaFpVHU3mFB3R+DWeJWGVx0ecvttSGlJTI+WG+8Z4cDWw==

punycode.js@^2.3.1:
  version "2.3.1"
  resolved "https://registry.npmjs.org/punycode.js/-/punycode.js-2.3.1.tgz"
  integrity sha512-uxFIHU0YlHYhDQtV4R9J6a52SLx28BCjT+4ieh7IGbgwVJWO+km431c4yRlREUAsAmt/uMjQUyQHNEPf0M39CA==

"react-18@npm:react@18.3.1":
  version "18.3.1"
  resolved "https://registry.npmjs.org/react/-/react-18.3.1.tgz"
  integrity sha512-wS+hAgJShR0KhEvPJArfuPVN1+Hz1t0Y6n5jLrGQbkb4urgPE/0Rve+1kMB1v/oWgHgm4WIcV+i7F2pTVj+2iQ==
  dependencies:
    loose-envify "^1.1.0"

react-aria@^3.48.0:
  version "3.50.0"
  resolved "https://registry.npmjs.org/react-aria/-/react-aria-3.50.0.tgz"
  integrity sha512-S0Os6QZk33fzUAKu1QLT9afoUaCBt1ZNdoiq0n2YMVgKIdNIQS8zxiZ8O9hYE6QyDkHKjD6q39LQZ+qaSAIgjw==
  dependencies:
    "@internationalized/date" "^3.12.2"
    "@internationalized/number" "^3.6.7"
    "@internationalized/string" "^3.2.9"
    "@react-types/shared" "^3.36.0"
    "@swc/helpers" "^0.5.0"
    aria-hidden "^1.2.3"
    clsx "^2.0.0"
    react-stately "3.48.0"
    use-sync-external-store "^1.6.0"

react-compiler-runtime@19.1.0-rc.1:
  version "19.1.0-rc.1"
  resolved "https://registry.npmjs.org/react-compiler-runtime/-/react-compiler-runtime-19.1.0-rc.1.tgz"
  integrity sha512-wCt6g+cRh8g32QT18/9blfQHywGjYu+4FlEc3CW1mx3pPxYzZZl1y+VtqxRgnKKBCFLIGUYxog4j4rs5YS86hw==

"react-dom-18@npm:react-dom@18.3.1":
  version "18.3.1"
  resolved "https://registry.npmjs.org/react-dom/-/react-dom-18.3.1.tgz"
  integrity sha512-5m4nQKp+rZRb09LNH59GM4BxTh9251/ylbKIbpe7TpGxfJ+9kv6BLkLBXIjjspbgbnIBNqlI23tRnTWT0snUIw==
  dependencies:
    loose-envify "^1.1.0"
    scheduler "^0.23.2"

react-remove-scroll@^2.7.2:
  version "2.7.2"
  resolved "https://registry.npmjs.org/react-remove-scroll/-/react-remove-scroll-2.7.2.tgz"
  integrity sha512-Iqb9NjCCTt6Hf+vOdNIZGdTiH1QSqr27H/Ek9sv/a97gfueI/5h1s3yRi1nngzMUaOOToin5dI1dXKdXiF+u0Q==
  dependencies:
    react-remove-scroll-bar "^2.3.7"
    react-style-singleton "^2.2.3"
    tslib "^2.1.0"
    use-callback-ref "^1.3.3"
    use-sidecar "^1.1.3"

react-remove-scroll-bar@^2.3.7:
  version "2.3.8"
  resolved "https://registry.npmjs.org/react-remove-scroll-bar/-/react-remove-scroll-bar-2.3.8.tgz"
  integrity sha512-9r+yi9+mgU33AKcj6IbT9oRCO78WriSj6t/cF8DWBZJ9aOGPOTEDvdUDz1FwKim7QXWwmHqtdHnRJfhAxEG46Q==
  dependencies:
    react-style-singleton "^2.2.2"
    tslib "^2.0.0"

react-stately@3.48.0:
  version "3.48.0"
  resolved "https://registry.npmjs.org/react-stately/-/react-stately-3.48.0.tgz"
  integrity sha512-ImicSAG+lTotAe5izcs1fz49Zk48w7pDusqYg04WaPhCoej8BJ24soMu3iLXIrsi273s4P1gZrYGrqReMfgEEA==
  dependencies:
    "@internationalized/date" "^3.12.2"
    "@internationalized/number" "^3.6.7"
    "@internationalized/string" "^3.2.9"
    "@react-types/shared" "^3.36.0"
    "@swc/helpers" "^0.5.0"
    use-sync-external-store "^1.6.0"

react-style-singleton@^2.2.2, react-style-singleton@^2.2.3:
  version "2.2.3"
  resolved "https://registry.npmjs.org/react-style-singleton/-/react-style-singleton-2.2.3.tgz"
  integrity sha512-b6jSvxvVnyptAiLjbkWLE/lOnR4lfTtDAl+eUC7RZy+QQWc6wRzIV2CE6xBuMmDxc2qIihtDCZD5NPOFl7fRBQ==
  dependencies:
    get-nonce "^1.0.0"
    tslib "^2.0.0"

scheduler@^0.23.2:
  version "0.23.2"
  resolved "https://registry.npmjs.org/scheduler/-/scheduler-0.23.2.tgz"
  integrity sha512-UOShsPwz7NrMUqhR6t0hWjFduvOzbtv7toDH1/hIrfRNIDBnnBWd0CwJTGvTpngVlmwGCdP9/Zl/tVrDqcuYzQ==
  dependencies:
    loose-envify "^1.1.0"

set-value@^4.1.0:
  version "4.1.0"
  resolved "https://registry.npmjs.org/set-value/-/set-value-4.1.0.tgz"
  integrity sha512-zTEg4HL0RwVrqcWs3ztF+x1vkxfm0lP+MQQFPiMJTKVceBwEV0A569Ou8l9IYQG8jOZdMVI1hGsc0tmeD2o/Lw==
  dependencies:
    is-plain-object "^2.0.4"
    is-primitive "^3.0.1"

tabbable@^6.0.0:
  version "6.5.0"
  resolved "https://registry.npmjs.org/tabbable/-/tabbable-6.5.0.tgz"
  integrity sha512-wieBHXygIm7OyQOu5hQlkk62/WyCFYGlWg7L6/ZCUZwx0o398Zkn4pVmMyfYhfMG8kGrj/Krt8eIk6UKC6VzwA==

toggle-selection@^1.0.6:
  version "1.0.6"
  resolved "https://registry.npmjs.org/toggle-selection/-/toggle-selection-1.0.6.tgz"
  integrity sha512-BiZS+C1OS8g/q2RRbJmy59xpyghNBqrr6k5L/uKBGRsTfxmu3ffiRnd8mlGPUVayg8pvfi5urfnu8TU7DVOkLQ==

tslib@^2.0.0, tslib@^2.1.0, tslib@^2.4.0, tslib@^2.8.0:
  version "2.8.1"
  resolved "https://registry.npmjs.org/tslib/-/tslib-2.8.1.tgz"
  integrity sha512-oJFu94HQb+KVduSUQL7wnpmqnfmLsOA/nAh6b6EH0wCEoK0/mPeXU6c3wKDV83MkOuHPRHtSXKKU99IBazS/2w==

uc.micro@^2.0.0, uc.micro@^2.1.0:
  version "2.1.0"
  resolved "https://registry.npmjs.org/uc.micro/-/uc.micro-2.1.0.tgz"
  integrity sha512-ARDJmphmdvUk6Glw7y9DQ2bFkKBHwQHLi2lsaH6PPmz/Ka9sFOBsBluozhDltWmnv9u/cF6Rt87znRTPV+yp/A==

use-callback-ref@^1.3.3:
  version "1.3.3"
  resolved "https://registry.npmjs.org/use-callback-ref/-/use-callback-ref-1.3.3.tgz"
  integrity sha512-jQL3lRnocaFtu3V00JToYz/4QkNWswxijDaCVNZRiRTO3HQDLsdu1ZtmIUvV4yPp+rvWm5j0y0TG/S61cuijTg==
  dependencies:
    tslib "^2.0.0"

use-sidecar@^1.1.3:
  version "1.1.3"
  resolved "https://registry.npmjs.org/use-sidecar/-/use-sidecar-1.1.3.tgz"
  integrity sha512-Fedw0aZvkhynoPYlA5WXrMCAMm+nSWdZt6lzJQ7Ok8S6Q+VsHmHpRWndVRJ8Be0ZbkfPc5LRYH+5XrzXcEeLRQ==
  dependencies:
    detect-node-es "^1.1.0"
    tslib "^2.0.0"

use-sync-external-store@^1.5.0, use-sync-external-store@^1.6.0:
  version "1.6.0"
  resolved "https://registry.npmjs.org/use-sync-external-store/-/use-sync-external-store-1.6.0.tgz"
  integrity sha512-Pp6GSwGP/NrPIrxVFAIkOQeyw8lFenOHijQWkUTrDvrF4ALqylP2C/KCkeS9dpUM3KvYRQhna5vt7IL95+ZQ9w==

vscode-languageserver-types@^3.17.1:
  version "3.18.0"
  resolved "https://registry.npmjs.org/vscode-languageserver-types/-/vscode-languageserver-types-3.18.0.tgz"
  integrity sha512-8TsGPNMIMiiBdkORgRSvLjuiEIiAFtO+KssmYWxQ+uSVvlf7RjK8YKCOjPzZ+YA04jXEV7+7LvkSmHkhpNS99g==

zustand@^5:
  version "5.0.14"
  resolved "https://registry.npmjs.org/zustand/-/zustand-5.0.14.tgz"
  integrity sha512-/8tAspM5LMPr28b3fwLYrtdj77ECpfZviaP75CMTnwO8ISyaE4GDIG/9rDDYq/cH9D2Xw2A2RXglLInmVBQB/g==
